
Microsoft Visual Studio Solution File, Format Version 12.00
# Visual Studio Version 16
VisualStudioVersion = 16.0.30011.22
MinimumVisualStudioVersion = 10.0.40219.1
Project("{9A19103F-16F7-4668-BE54-9A1E7A4F7556}") = "Challenges", "Challenges\Challenges.csproj", "{D62183EF-6033-4BDB-9F81-165EE46AC380}"
EndProject
Project("{9A19103F-16F7-4668-BE54-9A1E7A4F7556}") = "Challenges.Tests", "Challenges.Tests\Challenges.Tests.csproj", "{9034099D-3403-4515-8246-71D6FDD63F05}"
EndProject
Project("{FAE04EC0-301F-11D3-BF4B-00C04F79EFBC}") = "DataStructures", "DataStructures\DataStructures.csproj", "{2B290FCA-3077-4759-BC21-6476BBB668A2}"
EndProject
Project("{FAE04EC0-301F-11D3-BF4B-00C04F79EFBC}") = "DataStructures.Tests", "DataStructures.Tests\DataStructures.Tests.csproj", "{09CA7BDE-FC5F-4B81-BE40-77C544244E66}"
EndProject
Global
	GlobalSection(SolutionConfigurationPlatforms) = preSolution
		Debug|Any CPU = Debug|Any CPU
		Release|Any CPU = Release|Any CPU
	EndGlobalSection
	GlobalSection(ProjectConfigurationPlatforms) = postSolution
		{D62183EF-6033-4BDB-9F81-165EE46AC380}.Debug|Any CPU.ActiveCfg = Debug|Any CPU
		{D62183EF-6033-4BDB-9F81-165EE46AC380}.Debug|Any CPU.Build.0 = Debug|Any CPU
		{D62183EF-6033-4BDB-9F81-165EE46AC380}.Release|Any CPU.ActiveCfg = Release|Any CPU
		{D62183EF-6033-4BDB-9F81-165EE46AC380}.Release|Any CPU.Build.0 = Release|Any CPU
		{9034099D-3403-4515-8246-71D6FDD63F05}.Debug|Any CPU.ActiveCfg = Debug|Any CPU
		{9034099D-3403-4515-8246-71D6FDD63F05}.Debug|Any CPU.Build.0 = Debug|Any CPU
		{9034099D-3403-4515-8246-71D6FDD63F05}.Release|Any CPU.ActiveCfg = Release|Any CPU
		{9034099D-3403-4515-8246-71D6FDD63F05}.Release|Any CPU.Build.0 = Release|Any CPU
		{2B290FCA-3077-4759-BC21-6476BBB668A2}.Debug|Any CPU.ActiveCfg = Debug|Any CPU
		{2B290FCA-3077-4759-BC21-6476BBB668A2}.Debug|Any CPU.Build.0 = Debug|Any CPU
		{2B290FCA-3077-4759-BC21-6476BBB668A2}.Release|Any CPU.ActiveCfg = Release|Any CPU
		{2B290FCA-3077-4759-BC21-6476BBB668A2}.Release|Any CPU.Build.0 = Release|Any CPU
		{09CA7BDE-FC5F-4B81-BE40-77C544244E66}.Debug|Any CPU.ActiveCfg = Debug|Any CPU
		{09CA7BDE-FC5F-4B81-BE40-77C544244E66}.Debug|Any CPU.Build.0 = Debug|Any CPU
		{09CA7BDE-FC5F-4B81-BE40-77C544244E66}.Release|Any CPU.ActiveCfg = Release|Any CPU
		{09CA7BDE-FC5F-4B81-BE40-77C544244E66}.Release|Any CPU.Build.0 = Release|Any CPU
	EndGlobalSection
	GlobalSection(SolutionProperties) = preSolution
		HideSolutionNode = FALSE
	EndGlobalSection
	GlobalSection(ExtensibilityGlobals) = postSolution
		SolutionGuid = {26A27C7D-C5C4-44D6-836F-A0AF19D63AB9}
	EndGlobalSection
EndGlobal
